
Microsoft Visual Studio Solution File, Format Version 12.00
# Visual Studio 15
VisualStudioVersion = 15.0.27130.2036
MinimumVisualStudioVersion = 10.0.40219.1
Project("{9A19103F-16F7-4668-BE54-9A1E7A4F7556}") = "AskME.Core", "AskME.Core\AskME.Core.csproj", "{7BAED9E2-26B0-4791-9F99-114885A234EC}"
EndProject
Project("{9A19103F-16F7-4668-BE54-9A1E7A4F7556}") = "AskME.Infrastructure", "AskME.Infrastructure\AskME.Infrastructure.csproj", "{73DB858B-A163-4902-B443-CC5446AFFC01}"
EndProject
Project("{9A19103F-16F7-4668-BE54-9A1E7A4F7556}") = "AskME.Console", "AskME.Console\AskME.Console.csproj", "{C17D025D-82DB-4306-8382-1B446110FB4F}"
EndProject
Project("{9A19103F-16F7-4668-BE54-9A1E7A4F7556}") = "AskME.WebApp", "AskME.WebApp\AskME.WebApp.csproj", "{A6E86414-A6E2-4EBC-B3FE-C5AEDDFCE9F2}"
EndProject
Global
	GlobalSection(SolutionConfigurationPlatforms) = preSolution
		Debug|Any CPU = Debug|Any CPU
		Release|Any CPU = Release|Any CPU
	EndGlobalSection
	GlobalSection(ProjectConfigurationPlatforms) = postSolution
		{7BAED9E2-26B0-4791-9F99-114885A234EC}.Debug|Any CPU.ActiveCfg = Debug|Any CPU
		{7BAED9E2-26B0-4791-9F99-114885A234EC}.Debug|Any CPU.Build.0 = Debug|Any CPU
		{7BAED9E2-26B0-4791-9F99-114885A234EC}.Release|Any CPU.ActiveCfg = Release|Any CPU
		{7BAED9E2-26B0-4791-9F99-114885A234EC}.Release|Any CPU.Build.0 = Release|Any CPU
		{73DB858B-A163-4902-B443-CC5446AFFC01}.Debug|Any CPU.ActiveCfg = Debug|Any CPU
		{73DB858B-A163-4902-B443-CC5446AFFC01}.Debug|Any CPU.Build.0 = Debug|Any CPU
		{73DB858B-A163-4902-B443-CC5446AFFC01}.Release|Any CPU.ActiveCfg = Release|Any CPU
		{73DB858B-A163-4902-B443-CC5446AFFC01}.Release|Any CPU.Build.0 = Release|Any CPU
		{C17D025D-82DB-4306-8382-1B446110FB4F}.Debug|Any CPU.ActiveCfg = Debug|Any CPU
		{C17D025D-82DB-4306-8382-1B446110FB4F}.Debug|Any CPU.Build.0 = Debug|Any CPU
		{C17D025D-82DB-4306-8382-1B446110FB4F}.Release|Any CPU.ActiveCfg = Release|Any CPU
		{C17D025D-82DB-4306-8382-1B446110FB4F}.Release|Any CPU.Build.0 = Release|Any CPU
		{A6E86414-A6E2-4EBC-B3FE-C5AEDDFCE9F2}.Debug|Any CPU.ActiveCfg = Debug|Any CPU
		{A6E86414-A6E2-4EBC-B3FE-C5AEDDFCE9F2}.Debug|Any CPU.Build.0 = Debug|Any CPU
		{A6E86414-A6E2-4EBC-B3FE-C5AEDDFCE9F2}.Release|Any CPU.ActiveCfg = Release|Any CPU
		{A6E86414-A6E2-4EBC-B3FE-C5AEDDFCE9F2}.Release|Any CPU.Build.0 = Release|Any CPU
	EndGlobalSection
	GlobalSection(SolutionProperties) = preSolution
		HideSolutionNode = FALSE
	EndGlobalSection
	GlobalSection(ExtensibilityGlobals) = postSolution
		SolutionGuid = {65F36C64-5C6C-4005-9F0E-CF245064F6C6}
	EndGlobalSection
EndGlobal
